# This file was autogenerated by Stack.
# You should not edit this file by hand.
# For more information, please see the documentation at:
#   https://docs.haskellstack.org/en/stable/lock_files

packages:
- completed:
    pantry-tree:
      sha256: 894b84358fbad3cb8c16f224d3d8b7a1d7b6bcae68cda5a9998dd964904a6560
      size: 7364
    hackage: text-2.0@sha256:86e64bc76fefb8f0f6529d28ddf24b2a29d43591a8b9b7c7094f481a0db2fb7d,7788
  original:
    hackage: text-2.0
- completed:
    pantry-tree:
      sha256: 56825343690659ce4aa46a6f4457ec2e6c7067e888683f0eb4b3d926fef6a9b4
      size: 1050
    hackage: comparse-0.2.0.0@sha256:b3180d09805f9aa22b9416e476f4b8a5a6bde9fbdcb676b156e0b6b5dfd34e4c,1745
  original:
    hackage: comparse-0.2.0.0
- completed:
    pantry-tree:
      sha256: 51dda0aa70849588d074125f324beba1c8736cfa486e7f4a90a798b1d0e6019d
      size: 1248
    hackage: hashable-1.4.0.2@sha256:0cddd0229d1aac305ea0404409c0bbfab81f075817bd74b8b2929eff58333e55,5005
  original:
    hackage: hashable-1.4.0.2
snapshots:
- completed:
    sha256: ce4fb8d44f3c6c6032060a02e0ebb1bd29937c9a70101c1517b92a87d9515160
    size: 586110
    url: https://raw.githubusercontent.com/commercialhaskell/stackage-snapshots/master/lts/18/21.yaml
  original: lts-18.21
